
Microsoft Visual Studio Solution File, Format Version 12.00
# Visual Studio Version 17
VisualStudioVersion = 17.7.34202.233
MinimumVisualStudioVersion = 10.0.40219.1
Project("{FAE04EC0-301F-11D3-BF4B-00C04F79EFBC}") = "DZ7_5", "DZ7_5\DZ7_5.csproj", "{72132385-1B69-42B0-86FE-3AC0AA10EAD0}"
EndProject
Global
	GlobalSection(SolutionConfigurationPlatforms) = preSolution
		Debug|Any CPU = Debug|Any CPU
		Release|Any CPU = Release|Any CPU
	EndGlobalSection
	GlobalSection(ProjectConfigurationPlatforms) = postSolution
		{72132385-1B69-42B0-86FE-3AC0AA10EAD0}.Debug|Any CPU.ActiveCfg = Debug|Any CPU
		{72132385-1B69-42B0-86FE-3AC0AA10EAD0}.Debug|Any CPU.Build.0 = Debug|Any CPU
		{72132385-1B69-42B0-86FE-3AC0AA10EAD0}.Release|Any CPU.ActiveCfg = Release|Any CPU
		{72132385-1B69-42B0-86FE-3AC0AA10EAD0}.Release|Any CPU.Build.0 = Release|Any CPU
	EndGlobalSection
	GlobalSection(SolutionProperties) = preSolution
		HideSolutionNode = FALSE
	EndGlobalSection
	GlobalSection(ExtensibilityGlobals) = postSolution
		SolutionGuid = {E4C18DFE-6783-434E-9338-D649153F9B6D}
	EndGlobalSection
EndGlobal
